
Microsoft Visual Studio Solution File, Format Version 12.00
# Visual Studio Version 17
VisualStudioVersion = 17.0.31903.59
MinimumVisualStudioVersion = 10.0.40219.1
Project("{2150E333-8FDC-42A3-9474-1A3956D46DE8}") = "src", "src", "{827E0CD3-B72D-47B6-A68D-7590B98EB39B}"
EndProject
Project("{FAE04EC0-301F-11D3-BF4B-00C04F79EFBC}") = "SefazSp.Epat.Domain", "src\SefazSp.Epat.Domain\SefazSp.Epat.Domain.csproj", "{3E2DE81F-A0E2-4040-859A-07389B63CC24}"
EndProject
Project("{FAE04EC0-301F-11D3-BF4B-00C04F79EFBC}") = "SefazSp.Epat.Application", "src\SefazSp.Epat.Application\SefazSp.Epat.Application.csproj", "{AA5611B4-365C-4B57-82A3-6F49B700D894}"
EndProject
Project("{FAE04EC0-301F-11D3-BF4B-00C04F79EFBC}") = "SefazSp.Epat.Infrastructure", "src\SefazSp.Epat.Infrastructure\SefazSp.Epat.Infrastructure.csproj", "{EC817DD9-FDF0-4FDE-A386-7DD6354F3D92}"
EndProject
Project("{2150E333-8FDC-42A3-9474-1A3956D46DE8}") = "tests", "tests", "{0AB3BF05-4346-4AA6-1389-037BE0695223}"
EndProject
Project("{FAE04EC0-301F-11D3-BF4B-00C04F79EFBC}") = "SefazSp.Epat.Oracles.Tests", "tests\SefazSp.Epat.Oracles.Tests\SefazSp.Epat.Oracles.Tests.csproj", "{E337D445-01F2-4E9B-822E-AA6FC6D01E98}"
EndProject
Global
	GlobalSection(SolutionConfigurationPlatforms) = preSolution
		Debug|Any CPU = Debug|Any CPU
		Debug|x64 = Debug|x64
		Debug|x86 = Debug|x86
		Release|Any CPU = Release|Any CPU
		Release|x64 = Release|x64
		Release|x86 = Release|x86
	EndGlobalSection
	GlobalSection(ProjectConfigurationPlatforms) = postSolution
		{3E2DE81F-A0E2-4040-859A-07389B63CC24}.Debug|Any CPU.ActiveCfg = Debug|Any CPU
		{3E2DE81F-A0E2-4040-859A-07389B63CC24}.Debug|Any CPU.Build.0 = Debug|Any CPU
		{3E2DE81F-A0E2-4040-859A-07389B63CC24}.Debug|x64.ActiveCfg = Debug|Any CPU
		{3E2DE81F-A0E2-4040-859A-07389B63CC24}.Debug|x64.Build.0 = Debug|Any CPU
		{3E2DE81F-A0E2-4040-859A-07389B63CC24}.Debug|x86.ActiveCfg = Debug|Any CPU
		{3E2DE81F-A0E2-4040-859A-07389B63CC24}.Debug|x86.Build.0 = Debug|Any CPU
		{3E2DE81F-A0E2-4040-859A-07389B63CC24}.Release|Any CPU.ActiveCfg = Release|Any CPU
		{3E2DE81F-A0E2-4040-859A-07389B63CC24}.Release|Any CPU.Build.0 = Release|Any CPU
		{3E2DE81F-A0E2-4040-859A-07389B63CC24}.Release|x64.ActiveCfg = Release|Any CPU
		{3E2DE81F-A0E2-4040-859A-07389B63CC24}.Release|x64.Build.0 = Release|Any CPU
		{3E2DE81F-A0E2-4040-859A-07389B63CC24}.Release|x86.ActiveCfg = Release|Any CPU
		{3E2DE81F-A0E2-4040-859A-07389B63CC24}.Release|x86.Build.0 = Release|Any CPU
		{AA5611B4-365C-4B57-82A3-6F49B700D894}.Debug|Any CPU.ActiveCfg = Debug|Any CPU
		{AA5611B4-365C-4B57-82A3-6F49B700D894}.Debug|Any CPU.Build.0 = Debug|Any CPU
		{AA5611B4-365C-4B57-82A3-6F49B700D894}.Debug|x64.ActiveCfg = Debug|Any CPU
		{AA5611B4-365C-4B57-82A3-6F49B700D894}.Debug|x64.Build.0 = Debug|Any CPU
		{AA5611B4-365C-4B57-82A3-6F49B700D894}.Debug|x86.ActiveCfg = Debug|Any CPU
		{AA5611B4-365C-4B57-82A3-6F49B700D894}.Debug|x86.Build.0 = Debug|Any CPU
		{AA5611B4-365C-4B57-82A3-6F49B700D894}.Release|Any CPU.ActiveCfg = Release|Any CPU
		{AA5611B4-365C-4B57-82A3-6F49B700D894}.Release|Any CPU.Build.0 = Release|Any CPU
		{AA5611B4-365C-4B57-82A3-6F49B700D894}.Release|x64.ActiveCfg = Release|Any CPU
		{AA5611B4-365C-4B57-82A3-6F49B700D894}.Release|x64.Build.0 = Release|Any CPU
		{AA5611B4-365C-4B57-82A3-6F49B700D894}.Release|x86.ActiveCfg = Release|Any CPU
		{AA5611B4-365C-4B57-82A3-6F49B700D894}.Release|x86.Build.0 = Release|Any CPU
		{EC817DD9-FDF0-4FDE-A386-7DD6354F3D92}.Debug|Any CPU.ActiveCfg = Debug|Any CPU
		{EC817DD9-FDF0-4FDE-A386-7DD6354F3D92}.Debug|Any CPU.Build.0 = Debug|Any CPU
		{EC817DD9-FDF0-4FDE-A386-7DD6354F3D92}.Debug|x64.ActiveCfg = Debug|Any CPU
		{EC817DD9-FDF0-4FDE-A386-7DD6354F3D92}.Debug|x64.Build.0 = Debug|Any CPU
		{EC817DD9-FDF0-4FDE-A386-7DD6354F3D92}.Debug|x86.ActiveCfg = Debug|Any CPU
		{EC817DD9-FDF0-4FDE-A386-7DD6354F3D92}.Debug|x86.Build.0 = Debug|Any CPU
		{EC817DD9-FDF0-4FDE-A386-7DD6354F3D92}.Release|Any CPU.ActiveCfg = Release|Any CPU
		{EC817DD9-FDF0-4FDE-A386-7DD6354F3D92}.Release|Any CPU.Build.0 = Release|Any CPU
		{EC817DD9-FDF0-4FDE-A386-7DD6354F3D92}.Release|x64.ActiveCfg = Release|Any CPU
		{EC817DD9-FDF0-4FDE-A386-7DD6354F3D92}.Release|x64.Build.0 = Release|Any CPU
		{EC817DD9-FDF0-4FDE-A386-7DD6354F3D92}.Release|x86.ActiveCfg = Release|Any CPU
		{EC817DD9-FDF0-4FDE-A386-7DD6354F3D92}.Release|x86.Build.0 = Release|Any CPU
		{E337D445-01F2-4E9B-822E-AA6FC6D01E98}.Debug|Any CPU.ActiveCfg = Debug|Any CPU
		{E337D445-01F2-4E9B-822E-AA6FC6D01E98}.Debug|Any CPU.Build.0 = Debug|Any CPU
		{E337D445-01F2-4E9B-822E-AA6FC6D01E98}.Debug|x64.ActiveCfg = Debug|Any CPU
		{E337D445-01F2-4E9B-822E-AA6FC6D01E98}.Debug|x64.Build.0 = Debug|Any CPU
		{E337D445-01F2-4E9B-822E-AA6FC6D01E98}.Debug|x86.ActiveCfg = Debug|Any CPU
		{E337D445-01F2-4E9B-822E-AA6FC6D01E98}.Debug|x86.Build.0 = Debug|Any CPU
		{E337D445-01F2-4E9B-822E-AA6FC6D01E98}.Release|Any CPU.ActiveCfg = Release|Any CPU
		{E337D445-01F2-4E9B-822E-AA6FC6D01E98}.Release|Any CPU.Build.0 = Release|Any CPU
		{E337D445-01F2-4E9B-822E-AA6FC6D01E98}.Release|x64.ActiveCfg = Release|Any CPU
		{E337D445-01F2-4E9B-822E-AA6FC6D01E98}.Release|x64.Build.0 = Release|Any CPU
		{E337D445-01F2-4E9B-822E-AA6FC6D01E98}.Release|x86.ActiveCfg = Release|Any CPU
		{E337D445-01F2-4E9B-822E-AA6FC6D01E98}.Release|x86.Build.0 = Release|Any CPU
	EndGlobalSection
	GlobalSection(SolutionProperties) = preSolution
		HideSolutionNode = FALSE
	EndGlobalSection
	GlobalSection(NestedProjects) = preSolution
		{3E2DE81F-A0E2-4040-859A-07389B63CC24} = {827E0CD3-B72D-47B6-A68D-7590B98EB39B}
		{AA5611B4-365C-4B57-82A3-6F49B700D894} = {827E0CD3-B72D-47B6-A68D-7590B98EB39B}
		{EC817DD9-FDF0-4FDE-A386-7DD6354F3D92} = {827E0CD3-B72D-47B6-A68D-7590B98EB39B}
		{E337D445-01F2-4E9B-822E-AA6FC6D01E98} = {0AB3BF05-4346-4AA6-1389-037BE0695223}
	EndGlobalSection
EndGlobal
